
Microsoft Visual Studio Solution File, Format Version 12.00
# Visual Studio Version 17
VisualStudioVersion = 17.0.32112.339
MinimumVisualStudioVersion = 10.0.40219.1
Project("{9A19103F-16F7-4668-BE54-9A1E7A4F7556}") = "Gurmans", "Gurmans\Gurmans.csproj", "{1F2E4B29-8022-4792-B3F6-3CA55BA832F0}"
EndProject
Global
	GlobalSection(SolutionConfigurationPlatforms) = preSolution
		Debug|Any CPU = Debug|Any CPU
		Release 3.5|Any CPU = Release 3.5|Any CPU
		Release|Any CPU = Release|Any CPU
	EndGlobalSection
	GlobalSection(ProjectConfigurationPlatforms) = postSolution
		{1F2E4B29-8022-4792-B3F6-3CA55BA832F0}.Debug|Any CPU.ActiveCfg = Debug|Any CPU
		{1F2E4B29-8022-4792-B3F6-3CA55BA832F0}.Debug|Any CPU.Build.0 = Debug|Any CPU
		{1F2E4B29-8022-4792-B3F6-3CA55BA832F0}.Release 3.5|Any CPU.ActiveCfg = Release|Any CPU
		{1F2E4B29-8022-4792-B3F6-3CA55BA832F0}.Release 3.5|Any CPU.Build.0 = Release|Any CPU
		{1F2E4B29-8022-4792-B3F6-3CA55BA832F0}.Release|Any CPU.ActiveCfg = Release|Any CPU
		{1F2E4B29-8022-4792-B3F6-3CA55BA832F0}.Release|Any CPU.Build.0 = Release|Any CPU
	EndGlobalSection
	GlobalSection(SolutionProperties) = preSolution
		HideSolutionNode = FALSE
	EndGlobalSection
	GlobalSection(ExtensibilityGlobals) = postSolution
		SolutionGuid = {81537400-69C1-42B2-B000-C1E4CB12EC04}
	EndGlobalSection
EndGlobal
